Microsoft Visual Studio Solution File, Format Version 11.00
# Visual Studio 2008

Project("{E0ED18DC-67B2-95F9-518E-AEAD0EDCBFFF}") = "Demo1", "Assembly-CSharp-firstpass.csproj", "{1E29823C-1F33-17EE-3F96-8DE22B9F2923}"
EndProject
Project("{E0ED18DC-67B2-95F9-518E-AEAD0EDCBFFF}") = "Demo1", "Assembly-CSharp.csproj", "{D06C7B4F-956E-6602-A577-DEFB59D040C2}"
EndProject
Project("{E0ED18DC-67B2-95F9-518E-AEAD0EDCBFFF}") = "Demo1", "Assembly-CSharp-Editor.csproj", "{F2FE6C6F-897C-D4A2-9009-E179A80718DE}"
EndProject
Global
	GlobalSection(SolutionConfigurationPlatforms) = preSolution
		Debug|Any CPU = Debug|Any CPU
		Release|Any CPU = Release|Any CPU
	EndGlobalSection
	GlobalSection(ProjectConfigurationPlatforms) = postSolution
		{1E29823C-1F33-17EE-3F96-8DE22B9F2923}.Debug|Any CPU.ActiveCfg = Debug|Any CPU
		{1E29823C-1F33-17EE-3F96-8DE22B9F2923}.Debug|Any CPU.Build.0 = Debug|Any CPU
		{1E29823C-1F33-17EE-3F96-8DE22B9F2923}.Release|Any CPU.ActiveCfg = Release|Any CPU
		{1E29823C-1F33-17EE-3F96-8DE22B9F2923}.Release|Any CPU.Build.0 = Release|Any CPU
		{D06C7B4F-956E-6602-A577-DEFB59D040C2}.Debug|Any CPU.ActiveCfg = Debug|Any CPU
		{D06C7B4F-956E-6602-A577-DEFB59D040C2}.Debug|Any CPU.Build.0 = Debug|Any CPU
		{D06C7B4F-956E-6602-A577-DEFB59D040C2}.Release|Any CPU.ActiveCfg = Release|Any CPU
		{D06C7B4F-956E-6602-A577-DEFB59D040C2}.Release|Any CPU.Build.0 = Release|Any CPU
		{F2FE6C6F-897C-D4A2-9009-E179A80718DE}.Debug|Any CPU.ActiveCfg = Debug|Any CPU
		{F2FE6C6F-897C-D4A2-9009-E179A80718DE}.Debug|Any CPU.Build.0 = Debug|Any CPU
		{F2FE6C6F-897C-D4A2-9009-E179A80718DE}.Release|Any CPU.ActiveCfg = Release|Any CPU
		{F2FE6C6F-897C-D4A2-9009-E179A80718DE}.Release|Any CPU.Build.0 = Release|Any CPU
	EndGlobalSection
	GlobalSection(SolutionProperties) = preSolution
		HideSolutionNode = FALSE
	EndGlobalSection
	GlobalSection(MonoDevelopProperties) = preSolution
		StartupItem = Assembly-CSharp.csproj
	EndGlobalSection
EndGlobal
